
Microsoft Visual Studio Solution File, Format Version 12.00
# Visual Studio Version 17
VisualStudioVersion = 17.0.32014.148
MinimumVisualStudioVersion = 10.0.40219.1
Project("{FAE04EC0-301F-11D3-BF4B-00C04F79EFBC}") = "HRMSDocker", "HRMSDocker.csproj", "{2FA8059F-D9E6-4FB4-90EB-181FE4D25BE7}"
EndProject
Global
	GlobalSection(SolutionConfigurationPlatforms) = preSolution
		Debug|Any CPU = Debug|Any CPU
		Release|Any CPU = Release|Any CPU
	EndGlobalSection
	GlobalSection(ProjectConfigurationPlatforms) = postSolution
		{2FA8059F-D9E6-4FB4-90EB-181FE4D25BE7}.Debug|Any CPU.ActiveCfg = Debug|Any CPU
		{2FA8059F-D9E6-4FB4-90EB-181FE4D25BE7}.Debug|Any CPU.Build.0 = Debug|Any CPU
		{2FA8059F-D9E6-4FB4-90EB-181FE4D25BE7}.Release|Any CPU.ActiveCfg = Release|Any CPU
		{2FA8059F-D9E6-4FB4-90EB-181FE4D25BE7}.Release|Any CPU.Build.0 = Release|Any CPU
	EndGlobalSection
	GlobalSection(SolutionProperties) = preSolution
		HideSolutionNode = FALSE
	EndGlobalSection
	GlobalSection(ExtensibilityGlobals) = postSolution
		SolutionGuid = {8BDD6D15-52C4-44A5-9267-047FBB36FE49}
	EndGlobalSection
EndGlobal
